
Microsoft Visual Studio Solution File, Format Version 12.00
# Visual Studio Version 17
VisualStudioVersion = 17.4.33122.133
MinimumVisualStudioVersion = 10.0.40219.1
Project("{FAE04EC0-301F-11D3-BF4B-00C04F79EFBC}") = "SelectElements", "SelectElements\SelectElements.csproj", "{29738D31-2AF1-4C3D-A2BA-66D8296D9B19}"
EndProject
Global
	GlobalSection(SolutionConfigurationPlatforms) = preSolution
		Debug|Any CPU = Debug|Any CPU
		Release|Any CPU = Release|Any CPU
	EndGlobalSection
	GlobalSection(ProjectConfigurationPlatforms) = postSolution
		{29738D31-2AF1-4C3D-A2BA-66D8296D9B19}.Debug|Any CPU.ActiveCfg = Debug|Any CPU
		{29738D31-2AF1-4C3D-A2BA-66D8296D9B19}.Debug|Any CPU.Build.0 = Debug|Any CPU
		{29738D31-2AF1-4C3D-A2BA-66D8296D9B19}.Release|Any CPU.ActiveCfg = Release|Any CPU
		{29738D31-2AF1-4C3D-A2BA-66D8296D9B19}.Release|Any CPU.Build.0 = Release|Any CPU
	EndGlobalSection
	GlobalSection(SolutionProperties) = preSolution
		HideSolutionNode = FALSE
	EndGlobalSection
	GlobalSection(ExtensibilityGlobals) = postSolution
		SolutionGuid = {DB462814-A958-4766-9388-E607923C2B43}
	EndGlobalSection
EndGlobal
